# THIS IS AN AUTOGENERATED FILE. DO NOT EDIT THIS FILE DIRECTLY.
# yarn lockfile v1


deepmerge@^1.5.0:
  version "1.5.2"
  resolved "https://registry.yarnpkg.com/deepmerge/-/deepmerge-1.5.2.tgz#10499d868844cdad4fee0842df8c7f6f0c95a753"

fuse.js@^3.1.0:
  version "3.2.0"
  resolved "https://registry.yarnpkg.com/fuse.js/-/fuse.js-3.2.0.tgz#f0448e8069855bf2a3e683cdc1d320e7e2a07ef4"

lodash.isplainobject@^4.0.6:
  version "4.0.6"
  resolved "https://registry.yarnpkg.com/lodash.isplainobject/-/lodash.isplainobject-4.0.6.tgz#7c526a52d89b45c45cc690b88163be0497f550cb"

object-assign@^4.1.1:
  version "4.1.1"
  resolved "https://registry.yarnpkg.com/object-assign/-/object-assign-4.1.1.tgz#2109adc7965887cfc05cbbd442cac8bfbb360863"

vue-meta@^1.2.0:
  version "1.2.0"
  resolved "https://registry.yarnpkg.com/vue-meta/-/vue-meta-1.2.0.tgz#f4cedccaae566ea0a27f052820dc076510d0080c"
  dependencies:
    deepmerge "^1.5.0"
    lodash.isplainobject "^4.0.6"
    object-assign "^4.1.1"

vue-router@^2.7.0:
  version "2.8.1"
  resolved "https://registry.yarnpkg.com/vue-router/-/vue-router-2.8.1.tgz#9833c9ee57ac83beb0269056fefee71713f20695"

vue@^2.4.2:
  version "2.5.2"
  resolved "https://registry.yarnpkg.com/vue/-/vue-2.5.2.tgz#fd367a87bae7535e47f9dc5c9ec3b496e5feb5a4"
