# THIS IS AN AUTOGENERATED FILE. DO NOT EDIT THIS FILE DIRECTLY.
# yarn lockfile v1


fuse.js@^3.1.0:
  version "3.1.0"
  resolved "https://registry.yarnpkg.com/fuse.js/-/fuse.js-3.1.0.tgz#9062146c471552189b0f678b4f5a155731ae3b3c"

vue-router@^2.7.0:
  version "2.7.0"
  resolved "https://registry.yarnpkg.com/vue-router/-/vue-router-2.7.0.tgz#16d424493aa51c3c8cce8b7c7210ea4c3a89aff1"

vue@^2.4.2:
  version "2.4.4"
  resolved "https://registry.yarnpkg.com/vue/-/vue-2.4.4.tgz#ea9550b96a71465fd2b8b17b61673b3561861789"
